// !$*UTF8*$!
{
	archiveVersion = 1;
	classes = {
	};
	objectVersion = 46;
	objects = {

/* Begin PBXBuildFile section */
		9611CB041941FB820097C59E /* AppDelegate.swift in Sources */ = {isa = PBXBuildFile; fileRef = 9611CB031941FB820097C59E /* AppDelegate.swift */; };
		9611CB061941FB820097C59E /* ViewController.swift in Sources */ = {isa = PBXBuildFile; fileRef = 9611CB051941FB820097C59E /* ViewController.swift */; };
		9611CB091941FB820097C59E /* Main.storyboard in Resources */ = {isa = PBXBuildFile; fileRef = 9611CB071941FB820097C59E /* Main.storyboard */; };
		9611CB0B1941FB820097C59E /* Images.xcassets in Resources */ = {isa = PBXBuildFile; fileRef = 9611CB0A1941FB820097C59E /* Images.xcassets */; };
		9611CB171941FB820097C59E /* SwiftFirstTestTests.swift in Sources */ = {isa = PBXBuildFile; fileRef = 9611CB161941FB820097C59E /* SwiftFirstTestTests.swift */; };
		963CC7CC1993BA4C00B6E97F /* NYShape.swift in Sources */ = {isa = PBXBuildFile; fileRef = 963CC7CB1993BA4C00B6E97F /* NYShape.swift */; };
		963CC7CE1993C29800B6E97F /* NYTestObject.swift in Sources */ = {isa = PBXBuildFile; fileRef = 963CC7CD1993C29800B6E97F /* NYTestObject.swift */; };
		96AB062B1AC2F40700954DAC /* NYTestFunctions.swift in Sources */ = {isa = PBXBuildFile; fileRef = 96AB062A1AC2F40700954DAC /* NYTestFunctions.swift */; };
		96DC26431ACC3CF200E5F832 /* NYTestClasses.swift in Sources */ = {isa = PBXBuildFile; fileRef = 96DC26421ACC3CF200E5F832 /* NYTestClasses.swift */; };
		96F2993D1AC6EB0A00927408 /* NYTestEnums.swift in Sources */ = {isa = PBXBuildFile; fileRef = 96F2993C1AC6EB0A00927408 /* NYTestEnums.swift */; };
/* End PBXBuildFile section */

/* Begin PBXContainerItemProxy section */
		9611CB111941FB820097C59E /* PBXContainerItemProxy */ = {
			isa = PBXContainerItemProxy;
			containerPortal = 9611CAF61941FB810097C59E /* Project object */;
			proxyType = 1;
			remoteGlobalIDString = 9611CAFD1941FB810097C59E;
			remoteInfo = SwiftFirstTest;
		};
/* End PBXContainerItemProxy section */

/* Begin PBXFileReference section */
		9611CAFE1941FB820097C59E /* SwiftFirstTest.app */ = {isa = PBXFileReference; explicitFileType = wrapper.application; includeInIndex = 0; path = SwiftFirstTest.app; sourceTree = BUILT_PRODUCTS_DIR; };
		9611CB021941FB820097C59E /* Info.plist */ = {isa = PBXFileReference; lastKnownFileType = text.plist.xml; path = Info.plist; sourceTree = "<group>"; };
		9611CB031941FB820097C59E /* AppDelegate.swift */ = {isa = PBXFileReference; lastKnownFileType = sourcecode.swift; path = AppDelegate.swift; sourceTree = "<group>"; };
		9611CB051941FB820097C59E /* ViewController.swift */ = {isa = PBXFileReference; lastKnownFileType = sourcecode.swift; path = ViewController.swift; sourceTree = "<group>"; };
		9611CB081941FB820097C59E /* Base */ = {isa = PBXFileReference; lastKnownFileType = file.storyboard; name = Base; path = Base.lproj/Main.storyboard; sourceTree = "<group>"; };
		9611CB0A1941FB820097C59E /* Images.xcassets */ = {isa = PBXFileReference; lastKnownFileType = folder.assetcatalog; path = Images.xcassets; sourceTree = "<group>"; };
		9611CB101941FB820097C59E /* SwiftFirstTestTests.xctest */ = {isa = PBXFileReference; explicitFileType = wrapper.cfbundle; includeInIndex = 0; path = SwiftFirstTestTests.xctest; sourceTree = BUILT_PRODUCTS_DIR; };
		9611CB151941FB820097C59E /* Info.plist */ = {isa = PBXFileReference; lastKnownFileType = text.plist.xml; path = Info.plist; sourceTree = "<group>"; };
		9611CB161941FB820097C59E /* SwiftFirstTestTests.swift */ = {isa = PBXFileReference; lastKnownFileType = sourcecode.swift; path = SwiftFirstTestTests.swift; sourceTree = "<group>"; };
		963CC7CB1993BA4C00B6E97F /* NYShape.swift */ = {isa = PBXFileReference; fileEncoding = 4; lastKnownFileType = sourcecode.swift; path = NYShape.swift; sourceTree = "<group>"; };
		963CC7CD1993C29800B6E97F /* NYTestObject.swift */ = {isa = PBXFileReference; fileEncoding = 4; lastKnownFileType = sourcecode.swift; path = NYTestObject.swift; sourceTree = "<group>"; };
		96AB062A1AC2F40700954DAC /* NYTestFunctions.swift */ = {isa = PBXFileReference; fileEncoding = 4; lastKnownFileType = sourcecode.swift; path = NYTestFunctions.swift; sourceTree = "<group>"; };
		96DC26421ACC3CF200E5F832 /* NYTestClasses.swift */ = {isa = PBXFileReference; fileEncoding = 4; lastKnownFileType = sourcecode.swift; path = NYTestClasses.swift; sourceTree = "<group>"; };
		96F2993C1AC6EB0A00927408 /* NYTestEnums.swift */ = {isa = PBXFileReference; fileEncoding = 4; lastKnownFileType = sourcecode.swift; path = NYTestEnums.swift; sourceTree = "<group>"; };
/* End PBXFileReference section */

/* Begin PBXFrameworksBuildPhase section */
		9611CAFB1941FB810097C59E /* Frameworks */ = {
			isa = PBXFrameworksBuildPhase;
			buildActionMask = 2147483647;
			files = (
			);
			runOnlyForDeploymentPostprocessing = 0;
		};
		9611CB0D1941FB820097C59E /* Frameworks */ = {
			isa = PBXFrameworksBuildPhase;
			buildActionMask = 2147483647;
			files = (
			);
			runOnlyForDeploymentPostprocessing = 0;
		};
/* End PBXFrameworksBuildPhase section */

/* Begin PBXGroup section */
		9611CAF51941FB810097C59E = {
			isa = PBXGroup;
			children = (
				9611CB001941FB820097C59E /* SwiftFirstTest */,
				9611CB131941FB820097C59E /* SwiftFirstTestTests */,
				9611CAFF1941FB820097C59E /* Products */,
			);
			sourceTree = "<group>";
		};
		9611CAFF1941FB820097C59E /* Products */ = {
			isa = PBXGroup;
			children = (
				9611CAFE1941FB820097C59E /* SwiftFirstTest.app */,
				9611CB101941FB820097C59E /* SwiftFirstTestTests.xctest */,
			);
			name = Products;
			sourceTree = "<group>";
		};
		9611CB001941FB820097C59E /* SwiftFirstTest */ = {
			isa = PBXGroup;
			children = (
				96AB06291AC2F07900954DAC /* NYTestObjects */,
				963CC7CA1993B1C900B6E97F /* NYShapTest */,
				9611CB031941FB820097C59E /* AppDelegate.swift */,
				9611CB051941FB820097C59E /* ViewController.swift */,
				9611CB071941FB820097C59E /* Main.storyboard */,
				9611CB0A1941FB820097C59E /* Images.xcassets */,
				9611CB011941FB820097C59E /* Supporting Files */,
				963CC7CD1993C29800B6E97F /* NYTestObject.swift */,
			);
			path = SwiftFirstTest;
			sourceTree = "<group>";
		};
		9611CB011941FB820097C59E /* Supporting Files */ = {
			isa = PBXGroup;
			children = (
				9611CB021941FB820097C59E /* Info.plist */,
			);
			name = "Supporting Files";
			sourceTree = "<group>";
		};
		9611CB131941FB820097C59E /* SwiftFirstTestTests */ = {
			isa = PBXGroup;
			children = (
				9611CB161941FB820097C59E /* SwiftFirstTestTests.swift */,
				9611CB141941FB820097C59E /* Supporting Files */,
			);
			path = SwiftFirstTestTests;
			sourceTree = "<group>";
		};
		9611CB141941FB820097C59E /* Supporting Files */ = {
			isa = PBXGroup;
			children = (
				9611CB151941FB820097C59E /* Info.plist */,
			);
			name = "Supporting Files";
			sourceTree = "<group>";
		};
		963CC7CA1993B1C900B6E97F /* NYShapTest */ = {
			isa = PBXGroup;
			children = (
				963CC7CB1993BA4C00B6E97F /* NYShape.swift */,
			);
			name = NYShapTest;
			sourceTree = "<group>";
		};
		96AB06291AC2F07900954DAC /* NYTestObjects */ = {
			isa = PBXGroup;
			children = (
				96AB062A1AC2F40700954DAC /* NYTestFunctions.swift */,
				96F2993C1AC6EB0A00927408 /* NYTestEnums.swift */,
				96DC26421ACC3CF200E5F832 /* NYTestClasses.swift */,
			);
			name = NYTestObjects;
			sourceTree = "<group>";
		};
/* End PBXGroup section */

/* Begin PBXNativeTarget section */
		9611CAFD1941FB810097C59E /* SwiftFirstTest */ = {
			isa = PBXNativeTarget;
			buildConfigurationList = 9611CB1A1941FB820097C59E /* Build configuration list for PBXNativeTarget "SwiftFirstTest" */;
			buildPhases = (
				9611CAFA1941FB810097C59E /* Sources */,
				9611CAFB1941FB810097C59E /* Frameworks */,
				9611CAFC1941FB810097C59E /* Resources */,
			);
			buildRules = (
			);
			dependencies = (
			);
			name = SwiftFirstTest;
			productName = SwiftFirstTest;
			productReference = 9611CAFE1941FB820097C59E /* SwiftFirstTest.app */;
			productType = "com.apple.product-type.application";
		};
		9611CB0F1941FB820097C59E /* SwiftFirstTestTests */ = {
			isa = PBXNativeTarget;
			buildConfigurationList = 9611CB1D1941FB820097C59E /* Build configuration list for PBXNativeTarget "SwiftFirstTestTests" */;
			buildPhases = (
				9611CB0C1941FB820097C59E /* Sources */,
				9611CB0D1941FB820097C59E /* Frameworks */,
				9611CB0E1941FB820097C59E /* Resources */,
			);
			buildRules = (
			);
			dependencies = (
				9611CB121941FB820097C59E /* PBXTargetDependency */,
			);
			name = SwiftFirstTestTests;
			productName = SwiftFirstTestTests;
			productReference = 9611CB101941FB820097C59E /* SwiftFirstTestTests.xctest */;
			productType = "com.apple.product-type.bundle.unit-test";
		};
/* End PBXNativeTarget section */

/* Begin PBXProject section */
		9611CAF61941FB810097C59E /* Project object */ = {
			isa = PBXProject;
			attributes = {
				LastUpgradeCheck = 0600;
				ORGANIZATIONNAME = "叶媛媛";
				TargetAttributes = {
					9611CAFD1941FB810097C59E = {
						CreatedOnToolsVersion = 6.0;
					};
					9611CB0F1941FB820097C59E = {
						CreatedOnToolsVersion = 6.0;
						TestTargetID = 9611CAFD1941FB810097C59E;
					};
				};
			};
			buildConfigurationList = 9611CAF91941FB810097C59E /* Build configuration list for PBXProject "SwiftFirstTest" */;
			compatibilityVersion = "Xcode 3.2";
			developmentRegion = English;
			hasScannedForEncodings = 0;
			knownRegions = (
				en,
				Base,
			);
			mainGroup = 9611CAF51941FB810097C59E;
			productRefGroup = 9611CAFF1941FB820097C59E /* Products */;
			projectDirPath = "";
			projectRoot = "";
			targets = (
				9611CAFD1941FB810097C59E /* SwiftFirstTest */,
				9611CB0F1941FB820097C59E /* SwiftFirstTestTests */,
			);
		};
/* End PBXProject section */

/* Begin PBXResourcesBuildPhase section */
		9611CAFC1941FB810097C59E /* Resources */ = {
			isa = PBXResourcesBuildPhase;
			buildActionMask = 2147483647;
			files = (
				9611CB091941FB820097C59E /* Main.storyboard in Resources */,
				9611CB0B1941FB820097C59E /* Images.xcassets in Resources */,
			);
			runOnlyForDeploymentPostprocessing = 0;
		};
		9611CB0E1941FB820097C59E /* Resources */ = {
			isa = PBXResourcesBuildPhase;
			buildActionMask = 2147483647;
			files = (
			);
			runOnlyForDeploymentPostprocessing = 0;
		};
/* End PBXResourcesBuildPhase section */

/* Begin PBXSourcesBuildPhase section */
		9611CAFA1941FB810097C59E /* Sources */ = {
			isa = PBXSourcesBuildPhase;
			buildActionMask = 2147483647;
			files = (
				9611CB061941FB820097C59E /* ViewController.swift in Sources */,
				963CC7CC1993BA4C00B6E97F /* NYShape.swift in Sources */,
				9611CB041941FB820097C59E /* AppDelegate.swift in Sources */,
				963CC7CE1993C29800B6E97F /* NYTestObject.swift in Sources */,
				96AB062B1AC2F40700954DAC /* NYTestFunctions.swift in Sources */,
				96DC26431ACC3CF200E5F832 /* NYTestClasses.swift in Sources */,
				96F2993D1AC6EB0A00927408 /* NYTestEnums.swift in Sources */,
			);
			runOnlyForDeploymentPostprocessing = 0;
		};
		9611CB0C1941FB820097C59E /* Sources */ = {
			isa = PBXSourcesBuildPhase;
			buildActionMask = 2147483647;
			files = (
				9611CB171941FB820097C59E /* SwiftFirstTestTests.swift in Sources */,
			);
			runOnlyForDeploymentPostprocessing = 0;
		};
/* End PBXSourcesBuildPhase section */

/* Begin PBXTargetDependency section */
		9611CB121941FB820097C59E /* PBXTargetDependency */ = {
			isa = PBXTargetDependency;
			target = 9611CAFD1941FB810097C59E /* SwiftFirstTest */;
			targetProxy = 9611CB111941FB820097C59E /* PBXContainerItemProxy */;
		};
/* End PBXTargetDependency section */

/* Begin PBXVariantGroup section */
		9611CB071941FB820097C59E /* Main.storyboard */ = {
			isa = PBXVariantGroup;
			children = (
				9611CB081941FB820097C59E /* Base */,
			);
			name = Main.storyboard;
			sourceTree = "<group>";
		};
/* End PBXVariantGroup section */

/* Begin XCBuildConfiguration section */
		9611CB181941FB820097C59E /* Debug */ = {
			isa = XCBuildConfiguration;
			buildSettings = {
				ALWAYS_SEARCH_USER_PATHS = NO;
				CLANG_CXX_LANGUAGE_STANDARD = "gnu++0x";
				CLANG_CXX_LIBRARY = "libc++";
				CLANG_ENABLE_MODULES = YES;
				CLANG_ENABLE_OBJC_ARC = YES;
				CLANG_WARN_BOOL_CONVERSION = YES;
				CLANG_WARN_CONSTANT_CONVERSION = YES;
				CLANG_WARN_DIRECT_OBJC_ISA_USAGE = YES_ERROR;
				CLANG_WARN_EMPTY_BODY = YES;
				CLANG_WARN_ENUM_CONVERSION = YES;
				CLANG_WARN_INT_CONVERSION = YES;
				CLANG_WARN_OBJC_ROOT_CLASS = YES_ERROR;
				CLANG_WARN_UNREACHABLE_CODE = YES;
				CLANG_WARN__DUPLICATE_METHOD_MATCH = YES;
				"CODE_SIGN_IDENTITY[sdk=iphoneos*]" = "iPhone Developer";
				COPY_PHASE_STRIP = NO;
				ENABLE_STRICT_OBJC_MSGSEND = YES;
				GCC_C_LANGUAGE_STANDARD = gnu99;
				GCC_DYNAMIC_NO_PIC = NO;
				GCC_OPTIMIZATION_LEVEL = 0;
				GCC_PREPROCESSOR_DEFINITIONS = (
					"DEBUG=1",
					"$(inherited)",
				);
				GCC_SYMBOLS_PRIVATE_EXTERN = NO;
				GCC_WARN_64_TO_32_BIT_CONVERSION = YES;
				GCC_WARN_ABOUT_RETURN_TYPE = YES_ERROR;
				GCC_WARN_UNDECLARED_SELECTOR = YES;
				GCC_WARN_UNINITIALIZED_AUTOS = YES_AGGRESSIVE;
				GCC_WARN_UNUSED_FUNCTION = YES;
				GCC_WARN_UNUSED_VARIABLE = YES;
				IPHONEOS_DEPLOYMENT_TARGET = 8.0;
				METAL_ENABLE_DEBUG_INFO = YES;
				ONLY_ACTIVE_ARCH = YES;
				SDKROOT = iphoneos;
				SWIFT_OPTIMIZATION_LEVEL = "-Onone";
			};
			name = Debug;
		};
		9611CB191941FB820097C59E /* Release */ = {
			isa = XCBuildConfiguration;
			buildSettings = {
				ALWAYS_SEARCH_USER_PATHS = NO;
				CLANG_CXX_LANGUAGE_STANDARD = "gnu++0x";
				CLANG_CXX_LIBRARY = "libc++";
				CLANG_ENABLE_MODULES = YES;
				CLANG_ENABLE_OBJC_ARC = YES;
				CLANG_WARN_BOOL_CONVERSION = YES;
				CLANG_WARN_CONSTANT_CONVERSION = YES;
				CLANG_WARN_DIRECT_OBJC_ISA_USAGE = YES_ERROR;
				CLANG_WARN_EMPTY_BODY = YES;
				CLANG_WARN_ENUM_CONVERSION = YES;
				CLANG_WARN_INT_CONVERSION = YES;
				CLANG_WARN_OBJC_ROOT_CLASS = YES_ERROR;
				CLANG_WARN_UNREACHABLE_CODE = YES;
				CLANG_WARN__DUPLICATE_METHOD_MATCH = YES;
				"CODE_SIGN_IDENTITY[sdk=iphoneos*]" = "iPhone Developer";
				COPY_PHASE_STRIP = YES;
				ENABLE_NS_ASSERTIONS = NO;
				ENABLE_STRICT_OBJC_MSGSEND = YES;
				GCC_C_LANGUAGE_STANDARD = gnu99;
				GCC_WARN_64_TO_32_BIT_CONVERSION = YES;
				GCC_WARN_ABOUT_RETURN_TYPE = YES_ERROR;
				GCC_WARN_UNDECLARED_SELECTOR = YES;
				GCC_WARN_UNINITIALIZED_AUTOS = YES_AGGRESSIVE;
				GCC_WARN_UNUSED_FUNCTION = YES;
				GCC_WARN_UNUSED_VARIABLE = YES;
				IPHONEOS_DEPLOYMENT_TARGET = 8.0;
				METAL_ENABLE_DEBUG_INFO = NO;
				SDKROOT = iphoneos;
				VALIDATE_PRODUCT = YES;
			};
			name = Release;
		};
		9611CB1B1941FB820097C59E /* Debug */ = {
			isa = XCBuildConfiguration;
			buildSettings = {
				ASSETCATALOG_COMPILER_APPICON_NAME = AppIcon;
				ASSETCATALOG_COMPILER_LAUNCHIMAGE_NAME = LaunchImage;
				INFOPLIST_FILE = SwiftFirstTest/Info.plist;
				LD_RUNPATH_SEARCH_PATHS = "$(inherited) @executable_path/Frameworks";
				PRODUCT_NAME = "$(TARGET_NAME)";
				SWIFT_VERSION = 4.0;
			};
			name = Debug;
		};
		9611CB1C1941FB820097C59E /* Release */ = {
			isa = XCBuildConfiguration;
			buildSettings = {
				ASSETCATALOG_COMPILER_APPICON_NAME = AppIcon;
				ASSETCATALOG_COMPILER_LAUNCHIMAGE_NAME = LaunchImage;
				INFOPLIST_FILE = SwiftFirstTest/Info.plist;
				LD_RUNPATH_SEARCH_PATHS = "$(inherited) @executable_path/Frameworks";
				PRODUCT_NAME = "$(TARGET_NAME)";
				SWIFT_VERSION = 4.0;
			};
			name = Release;
		};
		9611CB1E1941FB820097C59E /* Debug */ = {
			isa = XCBuildConfiguration;
			buildSettings = {
				BUNDLE_LOADER = "$(BUILT_PRODUCTS_DIR)/SwiftFirstTest.app/SwiftFirstTest";
				FRAMEWORK_SEARCH_PATHS = (
					"$(SDKROOT)/Developer/Library/Frameworks",
					"$(inherited)",
				);
				GCC_PREPROCESSOR_DEFINITIONS = (
					"DEBUG=1",
					"$(inherited)",
				);
				INFOPLIST_FILE = SwiftFirstTestTests/Info.plist;
				LD_RUNPATH_SEARCH_PATHS = "$(inherited) @executable_path/Frameworks @loader_path/Frameworks";
				METAL_ENABLE_DEBUG_INFO = YES;
				PRODUCT_NAME = "$(TARGET_NAME)";
				TEST_HOST = "$(BUNDLE_LOADER)";
			};
			name = Debug;
		};
		9611CB1F1941FB820097C59E /* Release */ = {
			isa = XCBuildConfiguration;
			buildSettings = {
				BUNDLE_LOADER = "$(BUILT_PRODUCTS_DIR)/SwiftFirstTest.app/SwiftFirstTest";
				FRAMEWORK_SEARCH_PATHS = (
					"$(SDKROOT)/Developer/Library/Frameworks",
					"$(inherited)",
				);
				INFOPLIST_FILE = SwiftFirstTestTests/Info.plist;
				LD_RUNPATH_SEARCH_PATHS = "$(inherited) @executable_path/Frameworks @loader_path/Frameworks";
				METAL_ENABLE_DEBUG_INFO = NO;
				PRODUCT_NAME = "$(TARGET_NAME)";
				TEST_HOST = "$(BUNDLE_LOADER)";
			};
			name = Release;
		};
/* End XCBuildConfiguration section */

/* Begin XCConfigurationList section */
		9611CAF91941FB810097C59E /* Build configuration list for PBXProject "SwiftFirstTest" */ = {
			isa = XCConfigurationList;
			buildConfigurations = (
				9611CB181941FB820097C59E /* Debug */,
				9611CB191941FB820097C59E /* Release */,
			);
			defaultConfigurationIsVisible = 0;
			defaultConfigurationName = Release;
		};
		9611CB1A1941FB820097C59E /* Build configuration list for PBXNativeTarget "SwiftFirstTest" */ = {
			isa = XCConfigurationList;
			buildConfigurations = (
				9611CB1B1941FB820097C59E /* Debug */,
				9611CB1C1941FB820097C59E /* Release */,
			);
			defaultConfigurationIsVisible = 0;
			defaultConfigurationName = Release;
		};
		9611CB1D1941FB820097C59E /* Build configuration list for PBXNativeTarget "SwiftFirstTestTests" */ = {
			isa = XCConfigurationList;
			buildConfigurations = (
				9611CB1E1941FB820097C59E /* Debug */,
				9611CB1F1941FB820097C59E /* Release */,
			);
			defaultConfigurationIsVisible = 0;
			defaultConfigurationName = Release;
		};
/* End XCConfigurationList section */
	};
	rootObject = 9611CAF61941FB810097C59E /* Project object */;
}
